
Microsoft Visual Studio Solution File, Format Version 11.00
# Visual Studio 2010
Project("{FAE04EC0-301F-11D3-BF4B-00C04F79EFBC}") = "494_project_vengence", "Assembly-CSharp.csproj", "{CF6C63D3-DE80-B502-516F-AC84F2C7F44D}"
EndProject
Project("{FAE04EC0-301F-11D3-BF4B-00C04F79EFBC}") = "494_project_vengence", "Assembly-CSharp-firstpass.csproj", "{E915D812-62DB-3AEC-8D33-2866F9D36F97}"
EndProject
Project("{FAE04EC0-301F-11D3-BF4B-00C04F79EFBC}") = "494_project_vengence", "Assembly-CSharp-Editor-firstpass.csproj", "{6B186692-6C4F-9CC3-1DCB-30BE45D122F2}"
EndProject
Project("{FAE04EC0-301F-11D3-BF4B-00C04F79EFBC}") = "494_project_vengence", "Assembly-CSharp-Editor.csproj", "{AACDE829-02D2-18B4-8E09-2AA740876247}"
EndProject
Global
	GlobalSection(SolutionConfigurationPlatforms) = preSolution
		Debug|Any CPU = Debug|Any CPU
		Release|Any CPU = Release|Any CPU
	EndGlobalSection
	GlobalSection(ProjectConfigurationPlatforms) = postSolution
		{CF6C63D3-DE80-B502-516F-AC84F2C7F44D}.Debug|Any CPU.ActiveCfg = Debug|Any CPU
		{CF6C63D3-DE80-B502-516F-AC84F2C7F44D}.Debug|Any CPU.Build.0 = Debug|Any CPU
		{CF6C63D3-DE80-B502-516F-AC84F2C7F44D}.Release|Any CPU.ActiveCfg = Release|Any CPU
		{CF6C63D3-DE80-B502-516F-AC84F2C7F44D}.Release|Any CPU.Build.0 = Release|Any CPU
		{E915D812-62DB-3AEC-8D33-2866F9D36F97}.Debug|Any CPU.ActiveCfg = Debug|Any CPU
		{E915D812-62DB-3AEC-8D33-2866F9D36F97}.Debug|Any CPU.Build.0 = Debug|Any CPU
		{E915D812-62DB-3AEC-8D33-2866F9D36F97}.Release|Any CPU.ActiveCfg = Release|Any CPU
		{E915D812-62DB-3AEC-8D33-2866F9D36F97}.Release|Any CPU.Build.0 = Release|Any CPU
		{6B186692-6C4F-9CC3-1DCB-30BE45D122F2}.Debug|Any CPU.ActiveCfg = Debug|Any CPU
		{6B186692-6C4F-9CC3-1DCB-30BE45D122F2}.Debug|Any CPU.Build.0 = Debug|Any CPU
		{6B186692-6C4F-9CC3-1DCB-30BE45D122F2}.Release|Any CPU.ActiveCfg = Release|Any CPU
		{6B186692-6C4F-9CC3-1DCB-30BE45D122F2}.Release|Any CPU.Build.0 = Release|Any CPU
		{AACDE829-02D2-18B4-8E09-2AA740876247}.Debug|Any CPU.ActiveCfg = Debug|Any CPU
		{AACDE829-02D2-18B4-8E09-2AA740876247}.Debug|Any CPU.Build.0 = Debug|Any CPU
		{AACDE829-02D2-18B4-8E09-2AA740876247}.Release|Any CPU.ActiveCfg = Release|Any CPU
		{AACDE829-02D2-18B4-8E09-2AA740876247}.Release|Any CPU.Build.0 = Release|Any CPU
	EndGlobalSection
	GlobalSection(SolutionProperties) = preSolution
		HideSolutionNode = FALSE
	EndGlobalSection
	GlobalSection(MonoDevelopProperties) = preSolution
		StartupItem = Assembly-CSharp.csproj
	EndGlobalSection
EndGlobal
